capnproto.org/go/capnp/v3 v3.0.1-alpha.1 h1:hYEclwXEKsnu+PdHASdx3nLP0fC9kZnR+x1CEvMp9ck=
capnproto.org/go/capnp/v3 v3.0.1-alpha.1/go.mod h1:B+ZjwFmHwTYv201x6CdIo7MmDC/TROJDa00kbjTnv1s=
github.com/colega/zeropool v0.0.0-20230505084239-6fb4a4f75381 h1:d5EKgQfRQvO97jnISfR89AiCCCJMwMFoSxUiU0OGCRU=
github.com/colega/zeropool v0.0.0-20230505084239-6fb4a4f75381/go.mod h1:OU76gHeRo8xrzGJU3F3I1CqX1ekM8dfJw0+wPeMwnp0=
golang.org/x/exp v0.0.0-20231110203233-9a3e6036ecaa h1:FRnLl4eNAQl8hwxVVC17teOw8kdjVDVAiFMtgUdTSRQ=
golang.org/x/exp v0.0.0-20231110203233-9a3e6036ecaa/go.mod h1:zk2irFbV9DP96SEBUUAy67IdHUaZuSnrz1n472HUCLE=
golang.org/x/sync v0.0.0-20201020160332-67f06af15bc9 h1:SQFwaSi55rU7vdNs9Yr0Z324VNlrF+0wMqRXT4St8ck=
golang.org/x/sync v0.0.0-20201020160332-67f06af15bc9/go.mod h1:RxMgew5VJxzue5/jJTE5uejpjVlOe/izrB70Jof72aM=
golang.org/x/sync v0.7.0 h1:YsImfSBoP9QPYL0xyKJPq0gcaJdG3rInoqxTWbfQu9M=
golang.org/x/sync v0.7.0/go.mod h1:Czt+wKu1gCyEFDUtn0jG5QVvpJ6rzVqr5aXyt9drQfk=
gonum.org/v1/gonum v0.15.0 h1:2lYxjRbTYyxkJxlhC+LvJIx3SsANPdRybu1tGj9/OrQ=
gonum.org/v1/gonum v0.15.0/go.mod h1:xzZVBJBtS+Mz4q0Yl2LJTk+OxOg4jiXZ7qBoM0uISGo=
